
Microsoft Visual Studio Solution File, Format Version 12.00
# Visual Studio Version 17
VisualStudioVersion = 17.8.34309.116
MinimumVisualStudioVersion = 10.0.40219.1
Project("{FAE04EC0-301F-11D3-BF4B-00C04F79EFBC}") = "CleanArchitectureCQRS.API", "CleanArchitectureCQRS.API\CleanArchitectureCQRS.API.csproj", "{053230FE-BFCF-4D1E-B8EA-D30C78F6513D}"
EndProject
Global
	GlobalSection(SolutionConfigurationPlatforms) = preSolution
		Debug|Any CPU = Debug|Any CPU
		Release|Any CPU = Release|Any CPU
	EndGlobalSection
	GlobalSection(ProjectConfigurationPlatforms) = postSolution
		{053230FE-BFCF-4D1E-B8EA-D30C78F6513D}.Debug|Any CPU.ActiveCfg = Debug|Any CPU
		{053230FE-BFCF-4D1E-B8EA-D30C78F6513D}.Debug|Any CPU.Build.0 = Debug|Any CPU
		{053230FE-BFCF-4D1E-B8EA-D30C78F6513D}.Release|Any CPU.ActiveCfg = Release|Any CPU
		{053230FE-BFCF-4D1E-B8EA-D30C78F6513D}.Release|Any CPU.Build.0 = Release|Any CPU
	EndGlobalSection
	GlobalSection(SolutionProperties) = preSolution
		HideSolutionNode = FALSE
	EndGlobalSection
	GlobalSection(ExtensibilityGlobals) = postSolution
		SolutionGuid = {EE0A7D54-8593-48B2-B683-10D1CD1A424A}
	EndGlobalSection
EndGlobal
