
Microsoft Visual Studio Solution File, Format Version 12.00
# Visual Studio Version 17
VisualStudioVersion = 17.8.34309.116
MinimumVisualStudioVersion = 10.0.40219.1
Project("{9A19103F-16F7-4668-BE54-9A1E7A4F7556}") = "CleanArchitectureCQRS.API", "CleanArchitectureCQRS.API\CleanArchitectureCQRS.API.csproj", "{053230FE-BFCF-4D1E-B8EA-D30C78F6513D}"
EndProject
Project("{9A19103F-16F7-4668-BE54-9A1E7A4F7556}") = "CleanArchitectureCQRS.Domain", "CleanArchitectureCQRS.Domain\CleanArchitectureCQRS.Domain.csproj", "{4A7EE1DA-03E6-4E8D-B84C-C8DDC2893235}"
EndProject
Project("{9A19103F-16F7-4668-BE54-9A1E7A4F7556}") = "CleanArchitectureCQRS.Infrastructure", "CleanArchitectureCQRS.Infrastructure\CleanArchitectureCQRS.Infrastructure.csproj", "{AC8F0B98-772D-4F69-A74E-642CEAEB6B23}"
EndProject
Project("{FAE04EC0-301F-11D3-BF4B-00C04F79EFBC}") = "CleanArchitectureCQRS.Application", "CleanArchitectureCQRS.Application\CleanArchitectureCQRS.Application.csproj", "{E09D9F07-B462-40AC-A0C8-E7E7A2421BB5}"
EndProject
Global
	GlobalSection(SolutionConfigurationPlatforms) = preSolution
		Debug|Any CPU = Debug|Any CPU
		Release|Any CPU = Release|Any CPU
	EndGlobalSection
	GlobalSection(ProjectConfigurationPlatforms) = postSolution
		{053230FE-BFCF-4D1E-B8EA-D30C78F6513D}.Debug|Any CPU.ActiveCfg = Debug|Any CPU
		{053230FE-BFCF-4D1E-B8EA-D30C78F6513D}.Debug|Any CPU.Build.0 = Debug|Any CPU
		{053230FE-BFCF-4D1E-B8EA-D30C78F6513D}.Release|Any CPU.ActiveCfg = Release|Any CPU
		{053230FE-BFCF-4D1E-B8EA-D30C78F6513D}.Release|Any CPU.Build.0 = Release|Any CPU
		{4A7EE1DA-03E6-4E8D-B84C-C8DDC2893235}.Debug|Any CPU.ActiveCfg = Debug|Any CPU
		{4A7EE1DA-03E6-4E8D-B84C-C8DDC2893235}.Debug|Any CPU.Build.0 = Debug|Any CPU
		{4A7EE1DA-03E6-4E8D-B84C-C8DDC2893235}.Release|Any CPU.ActiveCfg = Release|Any CPU
		{4A7EE1DA-03E6-4E8D-B84C-C8DDC2893235}.Release|Any CPU.Build.0 = Release|Any CPU
		{AC8F0B98-772D-4F69-A74E-642CEAEB6B23}.Debug|Any CPU.ActiveCfg = Debug|Any CPU
		{AC8F0B98-772D-4F69-A74E-642CEAEB6B23}.Debug|Any CPU.Build.0 = Debug|Any CPU
		{AC8F0B98-772D-4F69-A74E-642CEAEB6B23}.Release|Any CPU.ActiveCfg = Release|Any CPU
		{AC8F0B98-772D-4F69-A74E-642CEAEB6B23}.Release|Any CPU.Build.0 = Release|Any CPU
		{E09D9F07-B462-40AC-A0C8-E7E7A2421BB5}.Debug|Any CPU.ActiveCfg = Debug|Any CPU
		{E09D9F07-B462-40AC-A0C8-E7E7A2421BB5}.Debug|Any CPU.Build.0 = Debug|Any CPU
		{E09D9F07-B462-40AC-A0C8-E7E7A2421BB5}.Release|Any CPU.ActiveCfg = Release|Any CPU
		{E09D9F07-B462-40AC-A0C8-E7E7A2421BB5}.Release|Any CPU.Build.0 = Release|Any CPU
	EndGlobalSection
	GlobalSection(SolutionProperties) = preSolution
		HideSolutionNode = FALSE
	EndGlobalSection
	GlobalSection(ExtensibilityGlobals) = postSolution
		SolutionGuid = {EE0A7D54-8593-48B2-B683-10D1CD1A424A}
	EndGlobalSection
EndGlobal
